// !$*UTF8*$!
{
	archiveVersion = 1;
	classes = {
	};
	objectVersion = 46;
	objects = {

/* Begin PBXBuildFile section */
		01E43E2A1D4E40DF007FD0A7 /* AppDelegate.swift in Sources */ = {isa = PBXBuildFile; fileRef = 01E43E241D4E40DF007FD0A7 /* AppDelegate.swift */; settings = {ASSET_TAGS = (); }; };
		01E43E2B1D4E40DF007FD0A7 /* ViewController.swift in Sources */ = {isa = PBXBuildFile; fileRef = 01E43E251D4E40DF007FD0A7 /* ViewController.swift */; settings = {ASSET_TAGS = (); }; };
		01E43E2C1D4E40DF007FD0A7 /* Info.plist in Resources */ = {isa = PBXBuildFile; fileRef = 01E43E271D4E40DF007FD0A7 /* Info.plist */; settings = {ASSET_TAGS = (); }; };
		01E43E2D1D4E40DF007FD0A7 /* Main.storyboard in Resources */ = {isa = PBXBuildFile; fileRef = 01E43E291D4E40DF007FD0A7 /* Main.storyboard */; settings = {ASSET_TAGS = (); }; };
		01E43E341D4E414E007FD0A7 /* star1@2x.png in Resources */ = {isa = PBXBuildFile; fileRef = 01E43E301D4E414E007FD0A7 /* star1@2x.png */; settings = {ASSET_TAGS = (); }; };
		01E43E351D4E414E007FD0A7 /* star1@3x.png in Resources */ = {isa = PBXBuildFile; fileRef = 01E43E311D4E414E007FD0A7 /* star1@3x.png */; settings = {ASSET_TAGS = (); }; };
		01E43E361D4E414E007FD0A7 /* star@2x.png in Resources */ = {isa = PBXBuildFile; fileRef = 01E43E321D4E414E007FD0A7 /* star@2x.png */; settings = {ASSET_TAGS = (); }; };
		01E43E371D4E414E007FD0A7 /* star@3x.png in Resources */ = {isa = PBXBuildFile; fileRef = 01E43E331D4E414E007FD0A7 /* star@3x.png */; settings = {ASSET_TAGS = (); }; };
/* End PBXBuildFile section */

/* Begin PBXFileReference section */
		01E43E0E1D4E4007007FD0A7 /* StarDustDemo.app */ = {isa = PBXFileReference; explicitFileType = wrapper.application; includeInIndex = 0; path = StarDustDemo.app; sourceTree = BUILT_PRODUCTS_DIR; };
		01E43E241D4E40DF007FD0A7 /* AppDelegate.swift */ = {isa = PBXFileReference; fileEncoding = 4; lastKnownFileType = sourcecode.swift; path = AppDelegate.swift; sourceTree = "<group>"; };
		01E43E251D4E40DF007FD0A7 /* ViewController.swift */ = {isa = PBXFileReference; fileEncoding = 4; lastKnownFileType = sourcecode.swift; path = ViewController.swift; sourceTree = "<group>"; };
		01E43E271D4E40DF007FD0A7 /* Info.plist */ = {isa = PBXFileReference; fileEncoding = 4; lastKnownFileType = text.plist.xml; path = Info.plist; sourceTree = "<group>"; };
		01E43E291D4E40DF007FD0A7 /* Main.storyboard */ = {isa = PBXFileReference; fileEncoding = 4; lastKnownFileType = file.storyboard; path = Main.storyboard; sourceTree = "<group>"; };
		01E43E301D4E414E007FD0A7 /* star1@2x.png */ = {isa = PBXFileReference; lastKnownFileType = image.png; path = "star1@2x.png"; sourceTree = "<group>"; };
		01E43E311D4E414E007FD0A7 /* star1@3x.png */ = {isa = PBXFileReference; lastKnownFileType = image.png; path = "star1@3x.png"; sourceTree = "<group>"; };
		01E43E321D4E414E007FD0A7 /* star@2x.png */ = {isa = PBXFileReference; lastKnownFileType = image.png; path = "star@2x.png"; sourceTree = "<group>"; };
		01E43E331D4E414E007FD0A7 /* star@3x.png */ = {isa = PBXFileReference; lastKnownFileType = image.png; path = "star@3x.png"; sourceTree = "<group>"; };
/* End PBXFileReference section */

/* Begin PBXFrameworksBuildPhase section */
		01E43E0B1D4E4007007FD0A7 /* Frameworks */ = {
			isa = PBXFrameworksBuildPhase;
			buildActionMask = 2147483647;
			files = (
			);
			runOnlyForDeploymentPostprocessing = 0;
		};
/* End PBXFrameworksBuildPhase section */

/* Begin PBXGroup section */
		01E43E051D4E4007007FD0A7 = {
			isa = PBXGroup;
			children = (
				01E43E101D4E4007007FD0A7 /* StarDustDemo */,
				01E43E0F1D4E4007007FD0A7 /* Products */,
			);
			sourceTree = "<group>";
		};
		01E43E0F1D4E4007007FD0A7 /* Products */ = {
			isa = PBXGroup;
			children = (
				01E43E0E1D4E4007007FD0A7 /* StarDustDemo.app */,
			);
			name = Products;
			sourceTree = "<group>";
		};
		01E43E101D4E4007007FD0A7 /* StarDustDemo */ = {
			isa = PBXGroup;
			children = (
				01E43E281D4E40DF007FD0A7 /* UserInterface */,
				01E43E231D4E40DF007FD0A7 /* Classes */,
				01E43E2E1D4E414E007FD0A7 /* Resources */,
				01E43E261D4E40DF007FD0A7 /* SupportingFiles */,
			);
			path = StarDustDemo;
			sourceTree = "<group>";
		};
		01E43E231D4E40DF007FD0A7 /* Classes */ = {
			isa = PBXGroup;
			children = (
				01E43E241D4E40DF007FD0A7 /* AppDelegate.swift */,
				01E43E251D4E40DF007FD0A7 /* ViewController.swift */,
			);
			path = Classes;
			sourceTree = "<group>";
		};
		01E43E261D4E40DF007FD0A7 /* SupportingFiles */ = {
			isa = PBXGroup;
			children = (
				01E43E271D4E40DF007FD0A7 /* Info.plist */,
			);
			path = SupportingFiles;
			sourceTree = "<group>";
		};
		01E43E281D4E40DF007FD0A7 /* UserInterface */ = {
			isa = PBXGroup;
			children = (
				01E43E291D4E40DF007FD0A7 /* Main.storyboard */,
			);
			path = UserInterface;
			sourceTree = "<group>";
		};
		01E43E2E1D4E414E007FD0A7 /* Resources */ = {
			isa = PBXGroup;
			children = (
				01E43E2F1D4E414E007FD0A7 /* Images */,
			);
			path = Resources;
			sourceTree = "<group>";
		};
		01E43E2F1D4E414E007FD0A7 /* Images */ = {
			isa = PBXGroup;
			children = (
				01E43E301D4E414E007FD0A7 /* star1@2x.png */,
				01E43E311D4E414E007FD0A7 /* star1@3x.png */,
				01E43E321D4E414E007FD0A7 /* star@2x.png */,
				01E43E331D4E414E007FD0A7 /* star@3x.png */,
			);
			path = Images;
			sourceTree = "<group>";
		};
/* End PBXGroup section */

/* Begin PBXNativeTarget section */
		01E43E0D1D4E4007007FD0A7 /* StarDustDemo */ = {
			isa = PBXNativeTarget;
			buildConfigurationList = 01E43E201D4E4007007FD0A7 /* Build configuration list for PBXNativeTarget "StarDustDemo" */;
			buildPhases = (
				01E43E0A1D4E4007007FD0A7 /* Sources */,
				01E43E0B1D4E4007007FD0A7 /* Frameworks */,
				01E43E0C1D4E4007007FD0A7 /* Resources */,
			);
			buildRules = (
			);
			dependencies = (
			);
			name = StarDustDemo;
			productName = StarDustDemo;
			productReference = 01E43E0E1D4E4007007FD0A7 /* StarDustDemo.app */;
			productType = "com.apple.product-type.application";
		};
/* End PBXNativeTarget section */

/* Begin PBXProject section */
		01E43E061D4E4007007FD0A7 /* Project object */ = {
			isa = PBXProject;
			attributes = {
				LastUpgradeCheck = 0700;
				ORGANIZATIONNAME = "Jigar Oza";
				TargetAttributes = {
					01E43E0D1D4E4007007FD0A7 = {
						CreatedOnToolsVersion = 7.0.1;
					};
				};
			};
			buildConfigurationList = 01E43E091D4E4007007FD0A7 /* Build configuration list for PBXProject "StarDustDemo" */;
			compatibilityVersion = "Xcode 3.2";
			developmentRegion = English;
			hasScannedForEncodings = 0;
			knownRegions = (
				en,
				Base,
			);
			mainGroup = 01E43E051D4E4007007FD0A7;
			productRefGroup = 01E43E0F1D4E4007007FD0A7 /* Products */;
			projectDirPath = "";
			projectRoot = "";
			targets = (
				01E43E0D1D4E4007007FD0A7 /* StarDustDemo */,
			);
		};
/* End PBXProject section */

/* Begin PBXResourcesBuildPhase section */
		01E43E0C1D4E4007007FD0A7 /* Resources */ = {
			isa = PBXResourcesBuildPhase;
			buildActionMask = 2147483647;
			files = (
				01E43E2C1D4E40DF007FD0A7 /* Info.plist in Resources */,
				01E43E361D4E414E007FD0A7 /* star@2x.png in Resources */,
				01E43E351D4E414E007FD0A7 /* star1@3x.png in Resources */,
				01E43E371D4E414E007FD0A7 /* star@3x.png in Resources */,
				01E43E2D1D4E40DF007FD0A7 /* Main.storyboard in Resources */,
				01E43E341D4E414E007FD0A7 /* star1@2x.png in Resources */,
			);
			runOnlyForDeploymentPostprocessing = 0;
		};
/* End PBXResourcesBuildPhase section */

/* Begin PBXSourcesBuildPhase section */
		01E43E0A1D4E4007007FD0A7 /* Sources */ = {
			isa = PBXSourcesBuildPhase;
			buildActionMask = 2147483647;
			files = (
				01E43E2B1D4E40DF007FD0A7 /* ViewController.swift in Sources */,
				01E43E2A1D4E40DF007FD0A7 /* AppDelegate.swift in Sources */,
			);
			runOnlyForDeploymentPostprocessing = 0;
		};
/* End PBXSourcesBuildPhase section */

/* Begin XCBuildConfiguration section */
		01E43E1E1D4E4007007FD0A7 /* Debug */ = {
			isa = XCBuildConfiguration;
			buildSettings = {
				ALWAYS_SEARCH_USER_PATHS = NO;
				CLANG_CXX_LANGUAGE_STANDARD = "gnu++0x";
				CLANG_CXX_LIBRARY = "libc++";
				CLANG_ENABLE_MODULES = YES;
				CLANG_ENABLE_OBJC_ARC = YES;
				CLANG_WARN_BOOL_CONVERSION = YES;
				CLANG_WARN_CONSTANT_CONVERSION = YES;
				CLANG_WARN_DIRECT_OBJC_ISA_USAGE = YES_ERROR;
				CLANG_WARN_EMPTY_BODY = YES;
				CLANG_WARN_ENUM_CONVERSION = YES;
				CLANG_WARN_INT_CONVERSION = YES;
				CLANG_WARN_OBJC_ROOT_CLASS = YES_ERROR;
				CLANG_WARN_UNREACHABLE_CODE = YES;
				CLANG_WARN__DUPLICATE_METHOD_MATCH = YES;
				"CODE_SIGN_IDENTITY[sdk=iphoneos*]" = "iPhone Developer";
				COPY_PHASE_STRIP = NO;
				DEBUG_INFORMATION_FORMAT = dwarf;
				ENABLE_STRICT_OBJC_MSGSEND = YES;
				ENABLE_TESTABILITY = YES;
				GCC_C_LANGUAGE_STANDARD = gnu99;
				GCC_DYNAMIC_NO_PIC = NO;
				GCC_NO_COMMON_BLOCKS = YES;
				GCC_OPTIMIZATION_LEVEL = 0;
				GCC_PREPROCESSOR_DEFINITIONS = (
					"DEBUG=1",
					"$(inherited)",
				);
				GCC_WARN_64_TO_32_BIT_CONVERSION = YES;
				GCC_WARN_ABOUT_RETURN_TYPE = YES_ERROR;
				GCC_WARN_UNDECLARED_SELECTOR = YES;
				GCC_WARN_UNINITIALIZED_AUTOS = YES_AGGRESSIVE;
				GCC_WARN_UNUSED_FUNCTION = YES;
				GCC_WARN_UNUSED_VARIABLE = YES;
				IPHONEOS_DEPLOYMENT_TARGET = 9.0;
				MTL_ENABLE_DEBUG_INFO = YES;
				ONLY_ACTIVE_ARCH = YES;
				SDKROOT = iphoneos;
				SWIFT_OPTIMIZATION_LEVEL = "-Onone";
				TARGETED_DEVICE_FAMILY = "1,2";
			};
			name = Debug;
		};
		01E43E1F1D4E4007007FD0A7 /* Release */ = {
			isa = XCBuildConfiguration;
			buildSettings = {
				ALWAYS_SEARCH_USER_PATHS = NO;
				CLANG_CXX_LANGUAGE_STANDARD = "gnu++0x";
				CLANG_CXX_LIBRARY = "libc++";
				CLANG_ENABLE_MODULES = YES;
				CLANG_ENABLE_OBJC_ARC = YES;
				CLANG_WARN_BOOL_CONVERSION = YES;
				CLANG_WARN_CONSTANT_CONVERSION = YES;
				CLANG_WARN_DIRECT_OBJC_ISA_USAGE = YES_ERROR;
				CLANG_WARN_EMPTY_BODY = YES;
				CLANG_WARN_ENUM_CONVERSION = YES;
				CLANG_WARN_INT_CONVERSION = YES;
				CLANG_WARN_OBJC_ROOT_CLASS = YES_ERROR;
				CLANG_WARN_UNREACHABLE_CODE = YES;
				CLANG_WARN__DUPLICATE_METHOD_MATCH = YES;
				"CODE_SIGN_IDENTITY[sdk=iphoneos*]" = "iPhone Developer";
				COPY_PHASE_STRIP = NO;
				DEBUG_INFORMATION_FORMAT = "dwarf-with-dsym";
				ENABLE_NS_ASSERTIONS = NO;
				ENABLE_STRICT_OBJC_MSGSEND = YES;
				GCC_C_LANGUAGE_STANDARD = gnu99;
				GCC_NO_COMMON_BLOCKS = YES;
				GCC_WARN_64_TO_32_BIT_CONVERSION = YES;
				GCC_WARN_ABOUT_RETURN_TYPE = YES_ERROR;
				GCC_WARN_UNDECLARED_SELECTOR = YES;
				GCC_WARN_UNINITIALIZED_AUTOS = YES_AGGRESSIVE;
				GCC_WARN_UNUSED_FUNCTION = YES;
				GCC_WARN_UNUSED_VARIABLE = YES;
				IPHONEOS_DEPLOYMENT_TARGET = 9.0;
				MTL_ENABLE_DEBUG_INFO = NO;
				SDKROOT = iphoneos;
				TARGETED_DEVICE_FAMILY = "1,2";
				VALIDATE_PRODUCT = YES;
			};
			name = Release;
		};
		01E43E211D4E4007007FD0A7 /* Debug */ = {
			isa = XCBuildConfiguration;
			buildSettings = {
				ASSETCATALOG_COMPILER_APPICON_NAME = AppIcon;
				INFOPLIST_FILE = StarDustDemo/SupportingFiles/Info.plist;
				LD_RUNPATH_SEARCH_PATHS = "$(inherited) @executable_path/Frameworks";
				PRODUCT_BUNDLE_IDENTIFIER = com.jigaroza.StarDustDemo;
				PRODUCT_NAME = "$(TARGET_NAME)";
			};
			name = Debug;
		};
		01E43E221D4E4007007FD0A7 /* Release */ = {
			isa = XCBuildConfiguration;
			buildSettings = {
				ASSETCATALOG_COMPILER_APPICON_NAME = AppIcon;
				INFOPLIST_FILE = StarDustDemo/SupportingFiles/Info.plist;
				LD_RUNPATH_SEARCH_PATHS = "$(inherited) @executable_path/Frameworks";
				PRODUCT_BUNDLE_IDENTIFIER = com.jigaroza.StarDustDemo;
				PRODUCT_NAME = "$(TARGET_NAME)";
			};
			name = Release;
		};
/* End XCBuildConfiguration section */

/* Begin XCConfigurationList section */
		01E43E091D4E4007007FD0A7 /* Build configuration list for PBXProject "StarDustDemo" */ = {
			isa = XCConfigurationList;
			buildConfigurations = (
				01E43E1E1D4E4007007FD0A7 /* Debug */,
				01E43E1F1D4E4007007FD0A7 /* Release */,
			);
			defaultConfigurationIsVisible = 0;
			defaultConfigurationName = Release;
		};
		01E43E201D4E4007007FD0A7 /* Build configuration list for PBXNativeTarget "StarDustDemo" */ = {
			isa = XCConfigurationList;
			buildConfigurations = (
				01E43E211D4E4007007FD0A7 /* Debug */,
				01E43E221D4E4007007FD0A7 /* Release */,
			);
			defaultConfigurationIsVisible = 0;
		};
/* End XCConfigurationList section */
	};
	rootObject = 01E43E061D4E4007007FD0A7 /* Project object */;
}
